github.com/gethinode/hinode v0.25.5 h1:1dXd1vQmOj5DzrtVNGxUJFcsOhhozotg8kcLz2tcZwI=
github.com/gethinode/hinode v0.25.5/go.mod h1:WWLbLZe9OnsgwSFFXDqjvx+kty1sLRUgVMhfcc0X3ts=
github.com/gethinode/hinode v0.25.7 h1:b+InrGrAx7h5P2op6CwOyoTY3pjjr6YcbThNO0NNBS8=
github.com/gethinode/hinode v0.25.7/go.mod h1:HJ5Myo59Xlxr4uXD1nMb5ubzjz99xtvfNswapVosdyI=
github.com/gethinode/hinode v0.26.0 h1:9BO7lhIDZKkmUx+GoczmaRrmmwFP+Ld2qXNZFgbc5uA=
github.com/gethinode/hinode v0.26.0/go.mod h1:HJ5Myo59Xlxr4uXD1nMb5ubzjz99xtvfNswapVosdyI=
github.com/gethinode/hinode v0.26.5 h1:qt5FKuqbg2TJmRh6SkI52h5sOVaLBBkDnVYY782NxWc=
github.com/gethinode/hinode v0.26.5/go.mod h1:zpNIM+xzVvXtdAvJUzhwEefLiqhScWfcPtC8/7n8xYY=
github.com/gethinode/hinode v0.26.7 h1:KxsuJ7n6M8DYQNasw8KOAGWUb/OsxA6SMkKDDTcvorU=
github.com/gethinode/hinode v0.26.7/go.mod h1:YYtAJzvr7yTsc/7agiyDyMWm1QMHynqmR/+F5jfUrDQ=
github.com/gethinode/hinode v0.29.3 h1:pXT7TH+ZtFRTp987musJ/u0KibVS/oMC3HQkDyFuzcg=
github.com/gethinode/hinode v0.29.3/go.mod h1:wh0Tu9qzrKyyDWlCA1vlxvJvXAubhI+mK8O4kUXLf84=
github.com/gethinode/hinode v1.10.0 h1:ZFm0YzOizplzETH4mpIjT1pFe9ZvUhnPDQJb8VVHTOE=
github.com/gethinode/hinode v1.10.0/go.mod h1:UN9DB9WbfTW2f4JhPJi4p75BQZYAxaRTONzBF8C4f9Y=
github.com/gethinode/hinode v1.11.0 h1:JziUOB4Evzn4FFVvYPAmtTl2p3+lL907f+nvCS3K17U=
github.com/gethinode/hinode v1.11.0/go.mod h1:UN9DB9WbfTW2f4JhPJi4p75BQZYAxaRTONzBF8C4f9Y=
github.com/gethinode/hinode v1.12.1 h1:bdJEdGQaAfX9F9krzJ6PU992dAFqJRD8mMWDMDl6+Fo=
github.com/gethinode/hinode v1.12.1/go.mod h1:E8W8fxjBw+78+BAwt0zgyMVAGi9+DdefqyckrqlQ7oE=
github.com/gethinode/hinode v1.12.4 h1:t+awyvIddKyvjhWv07+6ZE4W11reHKUaOv4oZDMbbLs=
github.com/gethinode/hinode v1.12.4/go.mod h1:E8W8fxjBw+78+BAwt0zgyMVAGi9+DdefqyckrqlQ7oE=
github.com/gethinode/hinode v1.13.2 h1:6lciGVu83hzFAX8X/Mj9o9A1dS0Bq7q/HftUljspiA8=
github.com/gethinode/hinode v1.13.2/go.mod h1:zk/GmlpRDJdZmEI0JHu6PNVI/GmO1XsD9TmJXl9bMNk=
github.com/gethinode/hinode v1.13.3 h1:bgYRKpjtjolXDcwiV0C/ml2Oo67zRh9iDaUlkaCgsqM=
github.com/gethinode/hinode v1.13.3/go.mod h1:zk/GmlpRDJdZmEI0JHu6PNVI/GmO1XsD9TmJXl9bMNk=
github.com/gethinode/hinode v1.22.0 h1:kvqLIcTEgdPtfotDhria2eD/ihhFR/Z9tBJXxSf8jv8=
github.com/gethinode/hinode v1.22.0/go.mod h1:SBhJ3V9cFgBTUM8cw09u5+ArrPBlyYKiVRP/CEFYIrk=
github.com/gethinode/mod-cookieyes/v2 v2.2.5 h1:xzTQ42qYViZ/LJJUHAEeDV9aayXVEX4MtnpS+m5Zekc=
github.com/gethinode/mod-cookieyes/v2 v2.2.5/go.mod h1:tULb7D7CoTycGUyL7ryqHJKaX11XuL2SN+XwP7/DI0Y=
github.com/nextapps-de/flexsearch v0.0.0-20250907103239-defb38b083f0 h1:55phPhe6fDjfjG0jX4+br3nLORKgjgx8abZUdI0YJRA=
github.com/nextapps-de/flexsearch v0.0.0-20250907103239-defb38b083f0/go.mod h1:5GdMfPAXzbA2gXBqTjC6l27kioSYzHlqDMh0+wyx7sU=
